version = 1
revision = 3
requires-python = "==3.10.*"
resolution-markers = [
    "platform_machine == 'x86_64' and sys_platform == 'linux'",
]
supported-markers = [
    "platform_machine == 'x86_64' and sys_platform == 'linux'",
]

[[package]]
name = "cmeel"
version = "0.61.0"
source = { registry = "https://pypi.org/simple" }
dependencies = [
    { name = "tomli" },
]
sdist = { url = "https://files.pythonhosted.org/packages/2d/78/7b98621fe4cf98dfee1bc5df514f0fdacfb064637539229c386a09f23b4f/cmeel-0.61.0.tar.gz", hash = "sha256:5fe70c905da45cca02575b37b37f22750eee81b36d288e2fc6231c31a6cf4b35", size = 15173, upload-time = "2026-08-27T00:11:40.204Z" }
wheels = [
    { url = "https://files.pythonhosted.org/packages/83/7f/4fe25f742a3dc50335371515e48761207cb8d6f51e55351486dc329ae6b0/cmeel-0.61.0-py3-none-any.whl", hash = "sha256:924f04ac525c1e2c4c42963b3a18a423926d019f81a683dfbab18143721963a8", size = 20754, upload-time = "2026-08-27T00:11:38.556Z" },
]

[[package]]
name = "cmeel-assimp"
version = "5.4.3.1"
source = { registry = "https://pypi.org/simple" }
dependencies = [
    { name = "cmeel" },
    { name = "cmeel-zlib" },
]
sdist = { url = "https://files.pythonhosted.org/packages/79/ac/f01a4e8c93e7e76f04788bad60bc5eaf7d4862eef24c11dd38bc8b61e819/cmeel_assimp-5.4.3.1.tar.gz", hash = "sha256:bd663a65ed143e71fe4723e787cbf1480e42cea4d2450c15cb5d9d4223d24f3d", size = 53703174, upload-time = "2025-02-11T15:04:22.36Z" }
wheels = [
    { url = "https://files.pythonhosted.org/packages/a1/ca/2a90a07d23f0c540fdcc1b5a50e3b424760db880e13bdf246e8b35abfaba/cmeel_assimp-5.4.3.1-0-py3-none-manylinux_2_28_x86_64.whl", hash = "sha256:ec259b1aad47c3f5b386004570b65b2b06a4d2a4d00b9959469e5528d029b31b", size = 14445192, upload-time = "2025-02-11T15:04:03.823Z" },
    { url = "https://files.pythonhosted.org/packages/50/fe/9235a07a66d6d3bc1901360a17ed40b97b0d3904d7cc9f1ac2cc80661bf9/cmeel_assimp-5.4.3.1-0-py3-none-musllinux_1_2_x86_64.whl", hash = "sha256:2c4ef463d29a30190262c1e48660d07aab744b583f90deccce24c1fecbf442b5", size = 14285514, upload-time = "2025-02-11T15:04:16.198Z" },
]

[[package]]
name = "cmeel-boost"
version = "1.83.0"
source = { registry = "https://pypi.org/simple" }
dependencies = [
    { name = "cmeel" },
    { name = "numpy" },
]
sdist = { url = "https://files.pythonhosted.org/packages/0d/f8/1cdbe0845a4034a6434022d2c674374d6594e89209e6499303334b18dacd/cmeel_boost-1.83.0.tar.gz", hash = "sha256:253da2e8bc52288ad1d225c1a07c93a85b60c638b24fcb7de934150908c6ec25", size = 3967, upload-time = "2023-11-15T22:08:22.616Z" }
wheels = [
    { url = "https://files.pythonhosted.org/packages/4c/fc/b3f36e2de23d9f2d902cb0e1a7f41312aaf36355442568599fc620e0b2f6/cmeel_boost-1.83.0-0-cp310-cp310-manylinux_2_28_x86_64.whl", hash = "sha256:4b75573ca0722a5a701d4efefe349ac3b920faee6a9c0dcfc4b1c36a176dc4d4", size = 34709995, upload-time = "2023-11-15T22:06:23.021Z" },
    { url = "https://files.pythonhosted.org/packages/66/83/570e9aad8017ca1d3dddd42543301670cc8fcea600ed798f869c4875b508/cmeel_boost-1.83.0-0-cp310-cp310-musllinux_1_1_x86_64.whl", hash = "sha256:c282779f774e43fc955665f3e650a62ded9b2b6c8417400541f59a3ae3467e14", size = 34447966, upload-time = "2023-11-15T22:06:31.345Z" },
]

[[package]]
name = "cmeel-console-bridge"
version = "1.0.2.3"
source = { registry = "https://pypi.org/simple" }
dependencies = [
    { name = "cmeel" },
]
sdist = { url = "https://files.pythonhosted.org/packages/83/13/2e9e9d23db8548aef975564055bdb4fb6da8a397a1e7df8cb61f5afebefb/cmeel_console_bridge-1.0.2.3.tar.gz", hash = "sha256:3b2837da7ab408e9d1a775c83c0a7772356062b3a3672e4ce247f2da71a8ecd9", size = 262061, upload-time = "2025-03-19T18:22:06.845Z" }
wheels = [
    { url = "https://files.pythonhosted.org/packages/50/a5/70e23c5570506bb39b56aa4d0f3a4a414e38082ddb33e86a48b546620121/cmeel_console_bridge-1.0.2.3-0-py3-none-manylinux_2_28_x86_64.whl", hash = "sha256:5bb1115ed38441b2396e732e10ec63d1e68445674f9f5d321f7985eb10e9aeef", size = 24477, upload-time = "2025-03-19T18:22:02.091Z" },
    { url = "https://files.pythonhosted.org/packages/69/d0/321f74b7d4167a6c59bb7714a6899ba402d9fad611f62573b9d646107320/cmeel_console_bridge-1.0.2.3-0-py3-none-musllinux_1_2_x86_64.whl", hash = "sha256:9d446c0fc541413d8d2ceea3c1cfb9cbfd57938d6659c113121eca6c245caafe", size = 24404, upload-time = "2025-03-19T18:22:05.232Z" },
]

[[package]]
name = "cmeel-octomap"
version = "1.10.0"
source = { registry = "https://pypi.org/simple" }
dependencies = [
    { name = "cmeel" },
]
sdist = { url = "https://files.pythonhosted.org/packages/89/ab/2fed2dbee13e4b39949591685419f1dbb691295e32a6bbbaf87edc005922/cmeel_octomap-1.10.0.tar.gz", hash = "sha256:bd79d1d17adede534de242e42e13ef0d9f04bdd27daf7d56c57f7c43670c9b05", size = 1694189, upload-time = "2025-01-06T17:57:05.477Z" }
wheels = [
    { url = "https://files.pythonhosted.org/packages/a2/15/9617b7039afd6d17d3148f6f970d953f5e265d7736f8fdbca09c86e976a0/cmeel_octomap-1.10.0-4-py3-none-manylinux_2_28_x86_64.whl", hash = "sha256:5fdb04546fff3accac5f8626c3fc15c3b99e94ab887793565e0b92cedaf96468", size = 1105037, upload-time = "2025-01-06T17:57:01.287Z" },
    { url = "https://files.pythonhosted.org/packages/51/69/88c1d1eca1abf2387ee8263ac7e12708c8b1b5b70b46a0bd9f43b485165b/cmeel_octomap-1.10.0-4-py3-none-musllinux_1_1_x86_64.whl", hash = "sha256:84a7376cfced954bb7e3e347afbd02bdc1c83066b995afbdd0fb1e2d9f57ebec", size = 1108359, upload-time = "2025-01-06T17:57:04.085Z" },
    { url = "https://files.pythonhosted.org/packages/d6/14/b85bd33bb05c9bb7e87b9ac8401793c12a80a6d594b3ca4bcb5e971a24b7/cmeel_octomap-1.10.0-5-py3-none-manylinux_2_28_x86_64.whl", hash = "sha256:b0b54fac180dce4f483afe7029c29cc55f6f2b21be8413e8e2275845b0c204d7", size = 1105199, upload-time = "2025-02-12T11:57:41.286Z" },
    { url = "https://files.pythonhosted.org/packages/c7/a3/b19ea0d30837369091141b248936b0757ee17f58b809007399bad0b398e4/cmeel_octomap-1.10.0-5-py3-none-musllinux_1_2_x86_64.whl", hash = "sha256:5f86a83f6bd60de290cd327f0374d525328369e76591e3ab2ad1bc0b183678c4", size = 1109207, upload-time = "2025-02-12T11:57:48.709Z" },
]

[[package]]
name = "cmeel-qhull"
version = "8.0.2.1"
source = { registry = "https://pypi.org/simple" }
dependencies = [
    { name = "cmeel" },
]
sdist = { url = "https://files.pythonhosted.org/packages/51/dd/8d0bcfb18771b2ea02bf85dfbbc587c97b274496fb5419b72134eb69430b/cmeel_qhull-8.0.2.1.tar.gz", hash = "sha256:68e8d41d95f61830f2d460af1e4d760f0dbe4d46413d7c736f0ed701153ebe52", size = 1308055, upload-time = "2023-11-17T14:21:06.003Z" }
wheels = [
    { url = "https://files.pythonhosted.org/packages/b4/16/ef7b6201835ba2492753c9c91b266d047b6664507be42ec858e2b24673b5/cmeel_qhull-8.0.2.1-0-py3-none-manylinux_2_28_x86_64.whl", hash = "sha256:c513abafa40e2b8eb7cd3640e3f92d5391fbd6ec0f4182dbf9536934d8a8ea3e", size = 3194917, upload-time = "2023-11-17T14:21:01.879Z" },
    { url = "https://files.pythonhosted.org/packages/4b/ae/200bdf257507e2c95d0656bf02278cd666d49f0a9e2e6d281ea76d7d085c/cmeel_qhull-8.0.2.1-0-py3-none-musllinux_1_1_x86_64.whl", hash = "sha256:20a69cb34b6250aee1f018412989734c9ddcad6ff66717a7c5516fc19f55d5ff", size = 3290068, upload-time = "2023-11-17T14:21:03.828Z" },
    { url = "https://files.pythonhosted.org/packages/4f/c1/44874cd8bfc1e3f7cb15678c836c7a1d5537f34f5a727a0207e01f395598/cmeel_qhull-8.0.2.1-1-py3-none-manylinux_2_28_x86_64.whl", hash = "sha256:2371a7c80a14f3e874876359ae3e3094861f081fcdd7a03987c3e880d14e07b9", size = 3262508, upload-time = "2025-02-12T11:51:27.147Z" },
    { url = "https://files.pythonhosted.org/packages/fd/65/c6cd54f04b5fcaa4ec52f5b57692c1dcef812ff9ee86545e5607369d365e/cmeel_qhull-8.0.2.1-1-py3-none-musllinux_1_2_x86_64.whl", hash = "sha256:1a49ce7f8492c9a8b49f930e34cce75b5e9b9843b015033dd0a25421441159fc", size = 3301908, upload-time = "2025-02-12T11:51:34.53Z" },
]

[[package]]
name = "cmeel-tinyxml"
version = "2.6.2.3"
source = { registry = "https://pypi.org/simple" }
dependencies = [
    { name = "cmeel" },
]
sdist = { url = "https://files.pythonhosted.org/packages/02/a4/8f7edd493e54d5bc91976a577fa1749935a4c332c0e37af57b72a77c1219/cmeel_tinyxml-2.6.2.3.tar.gz", hash = "sha256:7404308e7a578df4d480223fbe4ff867563e267ef69c95d65b6dd28e42661ef2", size = 218308, upload-time = "2023-11-29T15:25:33.132Z" }
wheels = [
    { url = "https://files.pythonhosted.org/packages/71/b1/4becb0e11e954e233e84e669216f103ef61857f228f7372aac58a189cd5f/cmeel_tinyxml-2.6.2.3-0-py3-none-manylinux_2_28_x86_64.whl", hash = "sha256:fe4bddefce9832c2c5f6e75c1d8af2b8282127180eb3f2aecbd02f5f152bad94", size = 62921, upload-time = "2023-11-29T15:25:29.306Z" },
    { url = "https://files.pythonhosted.org/packages/ac/b4/d36c80c1f28bd10e6cd427e3950846f9433c8ebed285506089ab73da0962/cmeel_tinyxml-2.6.2.3-0-py3-none-musllinux_1_1_x86_64.whl", hash = "sha256:fe088221f78ad7d35fbeb828ecb17709d20f60b68c0dcfef6f7d86ec6a57ee9b", size = 63064, upload-time = "2023-11-29T15:25:31.038Z" },
]

[[package]]
name = "cmeel-urdfdom"
version = "3.1.1.1"
source = { registry = "https://pypi.org/simple" }
dependencies = [
    { name = "cmeel" },
    { name = "cmeel-console-bridge" },
    { name = "cmeel-tinyxml" },
]
sdist = { url = "https://files.pythonhosted.org/packages/97/f1/79a38622707a6ac3b8e05284183bbd9ba3ee658f46573be4999f0b5704ce/cmeel_urdfdom-3.1.1.1.tar.gz", hash = "sha256:c37c2c4627593e8a6955421d83e3c4d592d6a18276ecefed95eefad0cd82251f", size = 292115, upload-time = "2023-11-29T15:41:26.774Z" }
wheels = [
    { url = "https://files.pythonhosted.org/packages/0e/78/4e80ead35f1664717ec6537154bee33ade82d5499057fa2d3ed811ee0565/cmeel_urdfdom-3.1.1.1-0-py3-none-manylinux_2_28_x86_64.whl", hash = "sha256:83eafe0e494cd285b3a57805c72b12500d906586ff93a57a03d09a87d25ec62d", size = 405139, upload-time = "2023-11-29T15:41:23.469Z" },
    { url = "https://files.pythonhosted.org/packages/53/2d/6cd2ec90d4bebdd4f3a12979b14df16f6056fd44b76e49b384ff8056c9ee/cmeel_urdfdom-3.1.1.1-0-py3-none-musllinux_1_1_x86_64.whl", hash = "sha256:646dde19c61029ef1ccd9be39b301a6d0642516a159a2bbd9441a9590d3c97f4", size = 369341, upload-time = "2023-11-29T15:41:25.107Z" },
]

[[package]]
name = "cmeel-zlib"
version = "1.3.2"
source = { registry = "https://pypi.org/simple" }
dependencies = [
    { name = "cmeel" },
]
sdist = { url = "https://files.pythonhosted.org/packages/ef/85/9c6b77d5c49b363b17ba974271d58730bd26cbe00b1c576596339bb624ea/cmeel_zlib-1.3.2.tar.gz", hash = "sha256:6e31f2956c334de9a7e19a4e4f8eed030ed8c8016c841ea57226ce8bed443712", size = 3200, upload-time = "2026-05-20T16:24:37.87Z" }
wheels = [
    { url = "https://files.pythonhosted.org/packages/70/a4/d345605b6f8c9d665baa1dd2f839ad6aee0d771e174be12c81fdd53067ed/cmeel_zlib-1.3.2-0-py3-none-manylinux_2_28_x86_64.whl", hash = "sha256:4658000c5531273d14ca8f0250abcd2a2ad85b336f10a273a77ecb38611a5f5a", size = 1052274, upload-time = "2026-05-20T16:24:33.078Z" },
    { url = "https://files.pythonhosted.org/packages/cb/28/b378182b0f33ed9e9c091b3d1e8d86a6f2d69add107087b2e09adcb12137/cmeel_zlib-1.3.2-0-py3-none-musllinux_1_2_x86_64.whl", hash = "sha256:2a3425a65a0adf0ddbb48d41204a0d9c13197bd693f7821d1450e8a969d77352", size = 1055409, upload-time = "2026-05-20T16:24:36.219Z" },
]

[[package]]
name = "eigenpy"
version = "3.5.1"
source = { registry = "https://pypi.org/simple" }
dependencies = [
    { name = "cmeel" },
    { name = "cmeel-boost" },
]
sdist = { url = "https://files.pythonhosted.org/packages/f5/31/46da7a4fad88de70129e487111f2f4886e8acd94ef7885bb3177ab800f94/eigenpy-3.5.1.tar.gz", hash = "sha256:85289cc71bddebfca5ecec9e6519ba3b114f07bc9900bc842d2bb7a1d4128f2f", size = 1009509, upload-time = "2024-04-25T18:43:19.089Z" }
wheels = [
    { url = "https://files.pythonhosted.org/packages/68/53/fb0f64ef9588eab7ace94b97fe0ba99d45a1f6f8a2e7102781c0a1c692d5/eigenpy-3.5.1-0-cp310-cp310-manylinux_2_28_x86_64.whl", hash = "sha256:88180d13f57b457ecf23bc1504a6f8e2db4e7aa5c2768a7c5e8dc00f5b11a3b5", size = 4702544, upload-time = "2024-04-25T18:42:44.826Z" },
    { url = "https://files.pythonhosted.org/packages/35/6f/e776dffc292c1df7bef310a5144e854538d228b899e1283ea17ce6c690c3/eigenpy-3.5.1-0-cp310-cp310-musllinux_1_1_x86_64.whl", hash = "sha256:390696093e9c1ac53221fe66bec936914ff0dee0871a1e4641c69dcdd04365a1", size = 4645444, upload-time = "2024-04-25T18:42:46.882Z" },
]

[[package]]
name = "hpp-fcl"
version = "2.4.4"
source = { registry = "https://pypi.org/simple" }
dependencies = [
    { name = "cmeel" },
    { name = "cmeel-assimp" },
    { name = "cmeel-boost" },
    { name = "cmeel-octomap" },
    { name = "cmeel-qhull" },
    { name = "eigenpy" },
]
sdist = { url = "https://files.pythonhosted.org/packages/43/dc/a0a43d5b823730bc3bc1f313cb25d74e3398a2183317c7235132d49875f7/hpp_fcl-2.4.4.tar.gz", hash = "sha256:4b59340b60573de082e722c2064c87759825039e8779049d5074d026881c4887", size = 3198799, upload-time = "2024-03-06T22:23:41.036Z" }
wheels = [
    { url = "https://files.pythonhosted.org/packages/de/f8/f751599813b7aeaa8092b7be594fa1c198cf57a64f5e63e439e09f5f1ab7/hpp_fcl-2.4.4-1-cp310-cp310-manylinux_2_28_x86_64.whl", hash = "sha256:9a642ba65d543f2b4306b08653a9f174776ffaf355f61094c9b846b7711d1a9e", size = 2363638, upload-time = "2024-03-06T22:23:06.488Z" },
    { url = "https://files.pythonhosted.org/packages/dc/df/4100b199742b76fcee78774e9894c521dc8329de60339cd275c46c318d9c/hpp_fcl-2.4.4-1-cp310-cp310-musllinux_1_1_x86_64.whl", hash = "sha256:0122d80ee2e18c200549ca49e971ceefccfb9836f94057e6c726130dc7f31624", size = 2388150, upload-time = "2024-03-06T22:23:08.712Z" },
    { url = "https://files.pythonhosted.org/packages/c5/a8/ee2a882e8e7d35dbf72be6c7dcc60dc8232d6e45dc1444260eba8925f8da/hpp_fcl-2.4.4-2-cp310-cp310-manylinux_2_28_x86_64.whl", hash = "sha256:c264cfe4c480aac54f4de0a1cf6d6c7f19acdb2ae61c2422885cb966e409f7fc", size = 2363640, upload-time = "2024-03-12T21:05:15.582Z" },
    { url = "https://files.pythonhosted.org/packages/88/e8/6111217c717838194036bdac121656d700232e0ae770fbccecd0cfb1f78e/hpp_fcl-2.4.4-2-cp310-cp310-musllinux_1_1_x86_64.whl", hash = "sha256:ac303e6c5d03047f7c8eaea2ef765e818f5c72d8ade03499807d9d991f04ae4a", size = 2388151, upload-time = "2024-03-12T21:05:18.011Z" },
    { url = "https://files.pythonhosted.org/packages/9e/c6/e8b6ecd948bfd535d95bd7f4e737729da29a681394f1a86f0757414f5c26/hpp_fcl-2.4.4-3-cp310-cp310-manylinux_2_28_x86_64.whl", hash = "sha256:96bb23cf370593175f0a40bad498ed1a2532a3a021a110df87b4fff510301766", size = 2363640, upload-time = "2024-03-12T22:04:32.256Z" },
    { url = "https://files.pythonhosted.org/packages/80/81/e0b18d59dbcde04f77a375d3a025ae135d8152b6fb9130748058866708dd/hpp_fcl-2.4.4-3-cp310-cp310-musllinux_1_1_x86_64.whl", hash = "sha256:d6834e1afa204d84e68e83ad53bd38ac91303beab698f2968a74ccbe997aec3a", size = 2388153, upload-time = "2024-03-12T22:04:33.783Z" },
]

[[package]]
name = "nlopt"
version = "2.7.1"
source = { registry = "https://pypi.org/simple" }
dependencies = [
    { name = "numpy" },
]
wheels = [
    { url = "https://files.pythonhosted.org/packages/ac/7a/78301ab01e31e08bc850bf800f34133c823579ace029d7898afe94745571/nlopt-2.7.1-cp310-cp310-manylinux_2_17_x86_64.manylinux2014_x86_64.whl", hash = "sha256:6ba0862162248442fbf1f04b20a321c11ff40ff4442a12aaaafcdaff9abb0ab7", size = 423670, upload-time = "2022-03-26T01:58:21.707Z" },
]

[[package]]
name = "numpy"
version = "1.26.4"
source = { registry = "https://pypi.org/simple" }
sdist = { url = "https://files.pythonhosted.org/packages/65/6e/09db70a523a96d25e115e71cc56a6f9031e7b8cd166c1ac8438307c14058/numpy-1.26.4.tar.gz", hash = "sha256:2a02aba9ed12e4ac4eb3ea9421c420301a0c6460d9830d74a9df87efa4912010", size = 15786129, upload-time = "2024-02-06T00:26:44.495Z" }
wheels = [
    { url = "https://files.pythonhosted.org/packages/4b/d7/ecf66c1cd12dc28b4040b15ab4d17b773b87fa9d29ca16125de01adb36cd/numpy-1.26.4-cp310-cp310-manylinux_2_17_x86_64.manylinux2014_x86_64.whl", hash = "sha256:ffa75af20b44f8dba823498024771d5ac50620e6915abac414251bd971b4529f", size = 18240889, upload-time = "2024-02-05T23:49:25.361Z" },
    { url = "https://files.pythonhosted.org/packages/39/fe/39ada9b094f01f5a35486577c848fe274e374bbf8d8f472e1423a0bbd26d/numpy-1.26.4-cp310-cp310-musllinux_1_1_x86_64.whl", hash = "sha256:a4abb4f9001ad2858e7ac189089c42178fcce737e4169dc61321660f1a96c7d2", size = 18078620, upload-time = "2024-02-05T23:50:22.515Z" },
]

[[package]]
name = "pin"
version = "2.7.0"
source = { registry = "https://pypi.org/simple" }
dependencies = [
    { name = "cmeel" },
    { name = "cmeel-boost" },
    { name = "cmeel-urdfdom" },
    { name = "hpp-fcl" },
]
sdist = { url = "https://files.pythonhosted.org/packages/21/a2/bfee8e9648728ef2762d51e178592ab03c1d36ad3d899ebd339a047d6ad0/pin-2.7.0.tar.gz", hash = "sha256:4903821a466eb8fc7f2350ce0c5f84943e8c391ebc2977898bbb154dcdf01747", size = 61806404, upload-time = "2024-01-24T05:03:38.848Z" }
wheels = [
    { url = "https://files.pythonhosted.org/packages/b6/80/87d88f1ac4c9068c6b94c6a2038ded2af02ea74d0f640f4b8d3429c34b54/pin-2.7.0-2-cp310-cp310-manylinux_2_28_x86_64.whl", hash = "sha256:36179a18374416a10e29c98e53f3b064166881f87f2795658f4de897d2b1f51a", size = 6146550, upload-time = "2024-01-25T15:12:31.268Z" },
    { url = "https://files.pythonhosted.org/packages/47/f0/0a23f85693be60703a32606c48f95513e405a6ae728eec16c4f4ac157d15/pin-2.7.0-2-cp310-cp310-musllinux_1_1_x86_64.whl", hash = "sha256:49e53b13ee2c4259354a884c0dbb1faf3e5ce1694bf24ba3c02e1ea3b6d862ff", size = 6139823, upload-time = "2024-01-25T15:12:33.854Z" },
]

[[package]]
name = "roboparty-dexhand-teleop"
version = "0.1.1"
source = { virtual = "." }
dependencies = [
    { name = "nlopt" },
    { name = "numpy" },
    { name = "pin" },
]

[package.metadata]
requires-dist = [
    { name = "nlopt", specifier = "==2.7.1" },
    { name = "numpy", specifier = "==1.26.4" },
    { name = "pin", specifier = "==2.7.0" },
]

[[package]]
name = "tomli"
version = "2.4.1"
source = { registry = "https://pypi.org/simple" }
sdist = { url = "https://files.pythonhosted.org/packages/22/de/48c59722572767841493b26183a0d1cc411d54fd759c5607c4590b6563a6/tomli-2.4.1.tar.gz", hash = "sha256:7c7e1a961a0b2f2472c1ac5b69affa0ae1132c39adcb67aba98568702b9cc23f", size = 17543, upload-time = "2026-03-25T20:22:03.828Z" }
wheels = [
    { url = "https://files.pythonhosted.org/packages/7b/61/cceae43728b7de99d9b847560c262873a1f6c98202171fd5ed62640b494b/tomli-2.4.1-py3-none-any.whl", hash = "sha256:0d85819802132122da43cb86656f8d1f8c6587d54ae7dcaf30e90533028b49fe", size = 14583, upload-time = "2026-03-25T20:22:03.012Z" },
]
